{
    "_meta": {
        "hash": {
            "sha256": "ac63daa012edfbc4df7f96396a2c1860ba3e8bc527c9dc93109a709c09c94dce"
        },
        "pipfile-spec": 6,
        "requires": {
            "python_version": "3.13"
        },
        "sources": [
            {
                "name": "pypi",
                "url": "https://pypi.org/simple",
                "verify_ssl": true
            }
        ]
    },
    "default": {
        "boto3": "*",
        "docker": "*",
        "psycopg2-binary": "*"
    },
    "develop": {}
}
